// !$*UTF8*$!
{
	archiveVersion = 1;
	classes = {
	};
	objectVersion = 50;
	objects = {

/* Begin PBXBuildFile section */
		70EF50E221C806E5002E7786 /* ControllInReserveViewController.swift in Sources */ = {isa = PBXBuildFile; fileRef = 70EF50E121C806E5002E7786 /* ControllInReserveViewController.swift */; };
		70EF510421C8CF51002E7786 /* ReserveTopHotelCollectionViewCell.swift in Sources */ = {isa = PBXBuildFile; fileRef = 70EF510321C8CF51002E7786 /* ReserveTopHotelCollectionViewCell.swift */; };
		70EF510821C90214002E7786 /* ReserveCategoryTableViewCell.swift in Sources */ = {isa = PBXBuildFile; fileRef = 70EF510721C90214002E7786 /* ReserveCategoryTableViewCell.swift */; };
		70EF510B21C907CE002E7786 /* TableViewCellWithCollectionView.swift in Sources */ = {isa = PBXBuildFile; fileRef = 70EF510A21C907CE002E7786 /* TableViewCellWithCollectionView.swift */; };
		70EF510D21C90932002E7786 /* TopRestourantsCollectionViewCell.swift in Sources */ = {isa = PBXBuildFile; fileRef = 70EF510C21C90932002E7786 /* TopRestourantsCollectionViewCell.swift */; };
		8614ACDF21C6C717002ACC31 /* EventsViewController.swift in Sources */ = {isa = PBXBuildFile; fileRef = 8614ACDE21C6C717002ACC31 /* EventsViewController.swift */; };
		86C198D221C698AE004A2F79 /* EventCategoiresViewController.swift in Sources */ = {isa = PBXBuildFile; fileRef = 86C198D121C698AE004A2F79 /* EventCategoiresViewController.swift */; };
		86C198D521C69A10004A2F79 /* EventCategoryCollectionViewCell.swift in Sources */ = {isa = PBXBuildFile; fileRef = 86C198D421C69A10004A2F79 /* EventCategoryCollectionViewCell.swift */; };
		86D559F421C6F9780043EE90 /* EventTableViewCell.swift in Sources */ = {isa = PBXBuildFile; fileRef = 86D559F321C6F9780043EE90 /* EventTableViewCell.swift */; };
		86D559F621C70CC90043EE90 /* Date+String.swift in Sources */ = {isa = PBXBuildFile; fileRef = 86D559F521C70CC90043EE90 /* Date+String.swift */; };
		86D559F821C71CBD0043EE90 /* EventViewController.swift in Sources */ = {isa = PBXBuildFile; fileRef = 86D559F721C71CBC0043EE90 /* EventViewController.swift */; };
		86D559FA21C71E1E0043EE90 /* EventPictureCollectionViewCell.swift in Sources */ = {isa = PBXBuildFile; fileRef = 86D559F921C71E1E0043EE90 /* EventPictureCollectionViewCell.swift */; };
		86FAB39421C5A91C00B2E5C8 /* PersistentController.swift in Sources */ = {isa = PBXBuildFile; fileRef = 86FAB39321C5A91C00B2E5C8 /* PersistentController.swift */; };
		86FAB39621C5A97D00B2E5C8 /* DataManager.swift in Sources */ = {isa = PBXBuildFile; fileRef = 86FAB39521C5A97D00B2E5C8 /* DataManager.swift */; };
		86FAB39921C5B6D400B2E5C8 /* UpcoingEventViewController.swift in Sources */ = {isa = PBXBuildFile; fileRef = 86FAB39821C5B6D300B2E5C8 /* UpcoingEventViewController.swift */; };
		86FAB39B21C5B76600B2E5C8 /* UpcomingTableViewCell.swift in Sources */ = {isa = PBXBuildFile; fileRef = 86FAB39A21C5B76600B2E5C8 /* UpcomingTableViewCell.swift */; };
		86FAB39F21C5BA7600B2E5C8 /* GradientView.swift in Sources */ = {isa = PBXBuildFile; fileRef = 86FAB39E21C5BA7600B2E5C8 /* GradientView.swift */; };
		D7E4A414F1A4DE10BAFD7803 /* Pods_In_Yerevan.framework in Frameworks */ = {isa = PBXBuildFile; fileRef = B48E770BCFE0A596BCBDEB88 /* Pods_In_Yerevan.framework */; };
		F9498BBB21C54A9D0012F8BD /* OnlineChat.storyboard in Resources */ = {isa = PBXBuildFile; fileRef = F9498BBA21C54A9D0012F8BD /* OnlineChat.storyboard */; };
		F9498BBD21C54AFC0012F8BD /* AllEvents.storyboard in Resources */ = {isa = PBXBuildFile; fileRef = F9498BBC21C54AFC0012F8BD /* AllEvents.storyboard */; };
		F9498BBF21C54B120012F8BD /* Home.storyboard in Resources */ = {isa = PBXBuildFile; fileRef = F9498BBE21C54B120012F8BD /* Home.storyboard */; };
		F9498BC221C54CE80012F8BD /* AdditionalAbilities.storyboard in Resources */ = {isa = PBXBuildFile; fileRef = F9498BC121C54CE80012F8BD /* AdditionalAbilities.storyboard */; };
		F95DC6DC21BFF41B00273881 /* AppDelegate.swift in Sources */ = {isa = PBXBuildFile; fileRef = F95DC6DB21BFF41B00273881 /* AppDelegate.swift */; };
		F95DC6E121BFF41B00273881 /* Main.storyboard in Resources */ = {isa = PBXBuildFile; fileRef = F95DC6DF21BFF41B00273881 /* Main.storyboard */; };
		F95DC6E421BFF41B00273881 /* In_Yerevan.xcdatamodeld in Sources */ = {isa = PBXBuildFile; fileRef = F95DC6E221BFF41B00273881 /* In_Yerevan.xcdatamodeld */; };
		F95DC6E621BFF41C00273881 /* Assets.xcassets in Resources */ = {isa = PBXBuildFile; fileRef = F95DC6E521BFF41C00273881 /* Assets.xcassets */; };
		F95DC6E921BFF41C00273881 /* LaunchScreen.storyboard in Resources */ = {isa = PBXBuildFile; fileRef = F95DC6E721BFF41C00273881 /* LaunchScreen.storyboard */; };
/* End PBXBuildFile section */

/* Begin PBXFileReference section */
		1C224E1BCBDF5BDC718E8C40 /* Pods-In Yerevan.release.xcconfig */ = {isa = PBXFileReference; includeInIndex = 1; lastKnownFileType = text.xcconfig; name = "Pods-In Yerevan.release.xcconfig"; path = "Pods/Target Support Files/Pods-In Yerevan/Pods-In Yerevan.release.xcconfig"; sourceTree = "<group>"; };
		70EF50E121C806E5002E7786 /* ControllInReserveViewController.swift */ = {isa = PBXFileReference; lastKnownFileType = sourcecode.swift; path = ControllInReserveViewController.swift; sourceTree = "<group>"; };
		70EF510321C8CF51002E7786 /* ReserveTopHotelCollectionViewCell.swift */ = {isa = PBXFileReference; lastKnownFileType = sourcecode.swift; path = ReserveTopHotelCollectionViewCell.swift; sourceTree = "<group>"; };
		70EF510721C90214002E7786 /* ReserveCategoryTableViewCell.swift */ = {isa = PBXFileReference; lastKnownFileType = sourcecode.swift; path = ReserveCategoryTableViewCell.swift; sourceTree = "<group>"; };
		70EF510A21C907CE002E7786 /* TableViewCellWithCollectionView.swift */ = {isa = PBXFileReference; lastKnownFileType = sourcecode.swift; path = TableViewCellWithCollectionView.swift; sourceTree = "<group>"; };
		70EF510C21C90932002E7786 /* TopRestourantsCollectionViewCell.swift */ = {isa = PBXFileReference; lastKnownFileType = sourcecode.swift; path = TopRestourantsCollectionViewCell.swift; sourceTree = "<group>"; };
		8614ACDE21C6C717002ACC31 /* EventsViewController.swift */ = {isa = PBXFileReference; lastKnownFileType = sourcecode.swift; path = EventsViewController.swift; sourceTree = "<group>"; };
		86C198D121C698AE004A2F79 /* EventCategoiresViewController.swift */ = {isa = PBXFileReference; lastKnownFileType = sourcecode.swift; path = EventCategoiresViewController.swift; sourceTree = "<group>"; };
		86C198D421C69A10004A2F79 /* EventCategoryCollectionViewCell.swift */ = {isa = PBXFileReference; lastKnownFileType = sourcecode.swift; path = EventCategoryCollectionViewCell.swift; sourceTree = "<group>"; };
		86D559F321C6F9780043EE90 /* EventTableViewCell.swift */ = {isa = PBXFileReference; lastKnownFileType = sourcecode.swift; path = EventTableViewCell.swift; sourceTree = "<group>"; };
		86D559F521C70CC90043EE90 /* Date+String.swift */ = {isa = PBXFileReference; lastKnownFileType = sourcecode.swift; path = "Date+String.swift"; sourceTree = "<group>"; };
		86D559F721C71CBC0043EE90 /* EventViewController.swift */ = {isa = PBXFileReference; lastKnownFileType = sourcecode.swift; path = EventViewController.swift; sourceTree = "<group>"; };
		86D559F921C71E1E0043EE90 /* EventPictureCollectionViewCell.swift */ = {isa = PBXFileReference; lastKnownFileType = sourcecode.swift; path = EventPictureCollectionViewCell.swift; sourceTree = "<group>"; };
		86FAB39321C5A91C00B2E5C8 /* PersistentController.swift */ = {isa = PBXFileReference; lastKnownFileType = sourcecode.swift; path = PersistentController.swift; sourceTree = "<group>"; };
		86FAB39521C5A97D00B2E5C8 /* DataManager.swift */ = {isa = PBXFileReference; lastKnownFileType = sourcecode.swift; path = DataManager.swift; sourceTree = "<group>"; };
		86FAB39821C5B6D300B2E5C8 /* UpcoingEventViewController.swift */ = {isa = PBXFileReference; lastKnownFileType = sourcecode.swift; path = UpcoingEventViewController.swift; sourceTree = "<group>"; };
		86FAB39A21C5B76600B2E5C8 /* UpcomingTableViewCell.swift */ = {isa = PBXFileReference; lastKnownFileType = sourcecode.swift; path = UpcomingTableViewCell.swift; sourceTree = "<group>"; };
		86FAB39E21C5BA7600B2E5C8 /* GradientView.swift */ = {isa = PBXFileReference; lastKnownFileType = sourcecode.swift; path = GradientView.swift; sourceTree = "<group>"; };
		B48E770BCFE0A596BCBDEB88 /* Pods_In_Yerevan.framework */ = {isa = PBXFileReference; explicitFileType = wrapper.framework; includeInIndex = 0; path = Pods_In_Yerevan.framework; sourceTree = BUILT_PRODUCTS_DIR; };
		CC1E178B6543D22AD39B52B9 /* Pods-In Yerevan.debug.xcconfig */ = {isa = PBXFileReference; includeInIndex = 1; lastKnownFileType = text.xcconfig; name = "Pods-In Yerevan.debug.xcconfig"; path = "Pods/Target Support Files/Pods-In Yerevan/Pods-In Yerevan.debug.xcconfig"; sourceTree = "<group>"; };
		F9498BBA21C54A9D0012F8BD /* OnlineChat.storyboard */ = {isa = PBXFileReference; lastKnownFileType = file.storyboard; path = OnlineChat.storyboard; sourceTree = "<group>"; };
		F9498BBC21C54AFC0012F8BD /* AllEvents.storyboard */ = {isa = PBXFileReference; lastKnownFileType = file.storyboard; path = AllEvents.storyboard; sourceTree = "<group>"; };
		F9498BBE21C54B120012F8BD /* Home.storyboard */ = {isa = PBXFileReference; lastKnownFileType = file.storyboard; path = Home.storyboard; sourceTree = "<group>"; };
		F9498BC121C54CE80012F8BD /* AdditionalAbilities.storyboard */ = {isa = PBXFileReference; lastKnownFileType = file.storyboard; path = AdditionalAbilities.storyboard; sourceTree = "<group>"; };
		F95DC6D821BFF41B00273881 /* In Yerevan.app */ = {isa = PBXFileReference; explicitFileType = wrapper.application; includeInIndex = 0; path = "In Yerevan.app"; sourceTree = BUILT_PRODUCTS_DIR; };
		F95DC6DB21BFF41B00273881 /* AppDelegate.swift */ = {isa = PBXFileReference; lastKnownFileType = sourcecode.swift; path = AppDelegate.swift; sourceTree = "<group>"; };
		F95DC6E021BFF41B00273881 /* Base */ = {isa = PBXFileReference; lastKnownFileType = file.storyboard; name = Base; path = Base.lproj/Main.storyboard; sourceTree = "<group>"; };
		F95DC6E321BFF41B00273881 /* In_Yerevan.xcdatamodel */ = {isa = PBXFileReference; lastKnownFileType = wrapper.xcdatamodel; path = In_Yerevan.xcdatamodel; sourceTree = "<group>"; };
		F95DC6E521BFF41C00273881 /* Assets.xcassets */ = {isa = PBXFileReference; lastKnownFileType = folder.assetcatalog; path = Assets.xcassets; sourceTree = "<group>"; };
		F95DC6E821BFF41C00273881 /* Base */ = {isa = PBXFileReference; lastKnownFileType = file.storyboard; name = Base; path = Base.lproj/LaunchScreen.storyboard; sourceTree = "<group>"; };
		F95DC6EA21BFF41C00273881 /* Info.plist */ = {isa = PBXFileReference; lastKnownFileType = text.plist.xml; path = Info.plist; sourceTree = "<group>"; };
/* End PBXFileReference section */

/* Begin PBXFrameworksBuildPhase section */
		F95DC6D521BFF41B00273881 /* Frameworks */ = {
			isa = PBXFrameworksBuildPhase;
			buildActionMask = 2147483647;
			files = (
				D7E4A414F1A4DE10BAFD7803 /* Pods_In_Yerevan.framework in Frameworks */,
			);
			runOnlyForDeploymentPostprocessing = 0;
		};
/* End PBXFrameworksBuildPhase section */

/* Begin PBXGroup section */
		263A6D7305BD5D7C97FEDA73 /* Pods */ = {
			isa = PBXGroup;
			children = (
				CC1E178B6543D22AD39B52B9 /* Pods-In Yerevan.debug.xcconfig */,
				1C224E1BCBDF5BDC718E8C40 /* Pods-In Yerevan.release.xcconfig */,
			);
			name = Pods;
			sourceTree = "<group>";
		};
		705413EA21C7FBA9003A3DF5 /* Reserve */ = {
			isa = PBXGroup;
			children = (
				70EF50E121C806E5002E7786 /* ControllInReserveViewController.swift */,
				70EF50ED21C83C10002E7786 /* CollectionView Cells */,
				70EF50E421C80A99002E7786 /* TableView Cells */,
			);
			path = Reserve;
			sourceTree = "<group>";
		};
		70EF50E321C80982002E7786 /* Reserve.storyboard */ = {
			isa = PBXGroup;
			children = (
				F9498BC121C54CE80012F8BD /* AdditionalAbilities.storyboard */,
			);
			path = Reserve.storyboard;
			sourceTree = "<group>";
		};
		70EF50E421C80A99002E7786 /* TableView Cells */ = {
			isa = PBXGroup;
			children = (
			);
			path = "TableView Cells";
			sourceTree = "<group>";
		};
		70EF50ED21C83C10002E7786 /* CollectionView Cells */ = {
			isa = PBXGroup;
			children = (
				70EF510921C907A2002E7786 /* asd */,
				70EF510721C90214002E7786 /* ReserveCategoryTableViewCell.swift */,
				70EF510321C8CF51002E7786 /* ReserveTopHotelCollectionViewCell.swift */,
			);
			path = "CollectionView Cells";
			sourceTree = "<group>";
		};
		70EF510921C907A2002E7786 /* asd */ = {
			isa = PBXGroup;
			children = (
				70EF510A21C907CE002E7786 /* TableViewCellWithCollectionView.swift */,
				70EF510C21C90932002E7786 /* TopRestourantsCollectionViewCell.swift */,
			);
			path = asd;
			sourceTree = "<group>";
		};
		86C198D321C699D9004A2F79 /* CollectionView Cells */ = {
			isa = PBXGroup;
			children = (
				86C198D421C69A10004A2F79 /* EventCategoryCollectionViewCell.swift */,
				86D559F921C71E1E0043EE90 /* EventPictureCollectionViewCell.swift */,
			);
			path = "CollectionView Cells";
			sourceTree = "<group>";
		};
		86FAB39721C5B6A300B2E5C8 /* Events */ = {
			isa = PBXGroup;
			children = (
				86FAB39821C5B6D300B2E5C8 /* UpcoingEventViewController.swift */,
				86C198D121C698AE004A2F79 /* EventCategoiresViewController.swift */,
				8614ACDE21C6C717002ACC31 /* EventsViewController.swift */,
				86D559F721C71CBC0043EE90 /* EventViewController.swift */,
				86FAB39C21C5B77400B2E5C8 /* TableVIew Cells */,
				86C198D321C699D9004A2F79 /* CollectionView Cells */,
			);
			path = Events;
			sourceTree = "<group>";
		};
		86FAB39C21C5B77400B2E5C8 /* TableVIew Cells */ = {
			isa = PBXGroup;
			children = (
				86FAB39A21C5B76600B2E5C8 /* UpcomingTableViewCell.swift */,
				86D559F321C6F9780043EE90 /* EventTableViewCell.swift */,
			);
			path = "TableVIew Cells";
			sourceTree = "<group>";
		};
		86FAB39D21C5BA3D00B2E5C8 /* CustomClasses */ = {
			isa = PBXGroup;
			children = (
				86FAB39E21C5BA7600B2E5C8 /* GradientView.swift */,
			);
			path = CustomClasses;
			sourceTree = "<group>";
		};
		A8239B1B88485BDC095E6201 /* Frameworks */ = {
			isa = PBXGroup;
			children = (
				B48E770BCFE0A596BCBDEB88 /* Pods_In_Yerevan.framework */,
			);
			name = Frameworks;
			sourceTree = "<group>";
		};
		F9498BB921C5498B0012F8BD /* Extension */ = {
			isa = PBXGroup;
			children = (
				86D559F521C70CC90043EE90 /* Date+String.swift */,
			);
			path = Extension;
			sourceTree = "<group>";
		};
		F9498BC021C54B160012F8BD /* Storyboards */ = {
			isa = PBXGroup;
			children = (
				F95DC6DF21BFF41B00273881 /* Main.storyboard */,
				F9498BBE21C54B120012F8BD /* Home.storyboard */,
				F9498BBC21C54AFC0012F8BD /* AllEvents.storyboard */,
				70EF50E321C80982002E7786 /* Reserve.storyboard */,
				F9498BBA21C54A9D0012F8BD /* OnlineChat.storyboard */,
			);
			path = Storyboards;
			sourceTree = "<group>";
		};
		F95DC6CF21BFF41B00273881 = {
			isa = PBXGroup;
			children = (
				F95DC6DA21BFF41B00273881 /* In Yerevan */,
				F95DC6D921BFF41B00273881 /* Products */,
				263A6D7305BD5D7C97FEDA73 /* Pods */,
				A8239B1B88485BDC095E6201 /* Frameworks */,
			);
			sourceTree = "<group>";
		};
		F95DC6D921BFF41B00273881 /* Products */ = {
			isa = PBXGroup;
			children = (
				F95DC6D821BFF41B00273881 /* In Yerevan.app */,
			);
			name = Products;
			sourceTree = "<group>";
		};
		F95DC6DA21BFF41B00273881 /* In Yerevan */ = {
			isa = PBXGroup;
			children = (
				F95DC6DB21BFF41B00273881 /* AppDelegate.swift */,
				86FAB39521C5A97D00B2E5C8 /* DataManager.swift */,
				F95DC6E221BFF41B00273881 /* In_Yerevan.xcdatamodeld */,
				F95DC6F421BFF73300273881 /* Models */,
				F95DC6F121BFF59900273881 /* Views */,
				F95DC6F021BFF58D00273881 /* Controllers */,
				F9498BB921C5498B0012F8BD /* Extension */,
				86FAB39D21C5BA3D00B2E5C8 /* CustomClasses */,
				F95DC6F321BFF5FD00273881 /* Supporting Files */,
				F95DC6F221BFF5CB00273881 /* Resources */,
			);
			path = "In Yerevan";
			sourceTree = "<group>";
		};
		F95DC6F021BFF58D00273881 /* Controllers */ = {
			isa = PBXGroup;
			children = (
				705413EA21C7FBA9003A3DF5 /* Reserve */,
				86FAB39721C5B6A300B2E5C8 /* Events */,
			);
			path = Controllers;
			sourceTree = "<group>";
		};
		F95DC6F121BFF59900273881 /* Views */ = {
			isa = PBXGroup;
			children = (
				F9498BC021C54B160012F8BD /* Storyboards */,
				F95DC6E721BFF41C00273881 /* LaunchScreen.storyboard */,
			);
			path = Views;
			sourceTree = "<group>";
		};
		F95DC6F221BFF5CB00273881 /* Resources */ = {
			isa = PBXGroup;
			children = (
				F95DC6E521BFF41C00273881 /* Assets.xcassets */,
			);
			path = Resources;
			sourceTree = "<group>";
		};
		F95DC6F321BFF5FD00273881 /* Supporting Files */ = {
			isa = PBXGroup;
			children = (
				F95DC6EA21BFF41C00273881 /* Info.plist */,
			);
			path = "Supporting Files";
			sourceTree = "<group>";
		};
		F95DC6F421BFF73300273881 /* Models */ = {
			isa = PBXGroup;
			children = (
				86FAB39321C5A91C00B2E5C8 /* PersistentController.swift */,
			);
			path = Models;
			sourceTree = "<group>";
		};
/* End PBXGroup section */

/* Begin PBXNativeTarget section */
		F95DC6D721BFF41B00273881 /* In Yerevan */ = {
			isa = PBXNativeTarget;
			buildConfigurationList = F95DC6ED21BFF41C00273881 /* Build configuration list for PBXNativeTarget "In Yerevan" */;
			buildPhases = (
				9FD56B9DAEBA48A21674D237 /* [CP] Check Pods Manifest.lock */,
				F95DC6D421BFF41B00273881 /* Sources */,
				F95DC6D521BFF41B00273881 /* Frameworks */,
				F95DC6D621BFF41B00273881 /* Resources */,
				1DFB96C067307928268928BC /* [CP] Embed Pods Frameworks */,
			);
			buildRules = (
			);
			dependencies = (
			);
			name = "In Yerevan";
			productName = "In Yerevan";
			productReference = F95DC6D821BFF41B00273881 /* In Yerevan.app */;
			productType = "com.apple.product-type.application";
		};
/* End PBXNativeTarget section */

/* Begin PBXProject section */
		F95DC6D021BFF41B00273881 /* Project object */ = {
			isa = PBXProject;
			attributes = {
				LastSwiftUpdateCheck = 0940;
				LastUpgradeCheck = 0940;
				ORGANIZATIONNAME = com.inYerevan;
				TargetAttributes = {
					F95DC6D721BFF41B00273881 = {
						CreatedOnToolsVersion = 9.4.1;
						LastSwiftMigration = 1010;
					};
				};
			};
			buildConfigurationList = F95DC6D321BFF41B00273881 /* Build configuration list for PBXProject "In Yerevan" */;
			compatibilityVersion = "Xcode 9.3";
			developmentRegion = en;
			hasScannedForEncodings = 0;
			knownRegions = (
				en,
				Base,
			);
			mainGroup = F95DC6CF21BFF41B00273881;
			productRefGroup = F95DC6D921BFF41B00273881 /* Products */;
			projectDirPath = "";
			projectRoot = "";
			targets = (
				F95DC6D721BFF41B00273881 /* In Yerevan */,
			);
		};
/* End PBXProject section */

/* Begin PBXResourcesBuildPhase section */
		F95DC6D621BFF41B00273881 /* Resources */ = {
			isa = PBXResourcesBuildPhase;
			buildActionMask = 2147483647;
			files = (
				F95DC6E921BFF41C00273881 /* LaunchScreen.storyboard in Resources */,
				F9498BBD21C54AFC0012F8BD /* AllEvents.storyboard in Resources */,
				F9498BBB21C54A9D0012F8BD /* OnlineChat.storyboard in Resources */,
				F9498BC221C54CE80012F8BD /* AdditionalAbilities.storyboard in Resources */,
				F9498BBF21C54B120012F8BD /* Home.storyboard in Resources */,
				F95DC6E621BFF41C00273881 /* Assets.xcassets in Resources */,
				F95DC6E121BFF41B00273881 /* Main.storyboard in Resources */,
			);
			runOnlyForDeploymentPostprocessing = 0;
		};
/* End PBXResourcesBuildPhase section */

/* Begin PBXShellScriptBuildPhase section */
		1DFB96C067307928268928BC /* [CP] Embed Pods Frameworks */ = {
			isa = PBXShellScriptBuildPhase;
			buildActionMask = 2147483647;
			files = (
			);
			inputPaths = (
				"${SRCROOT}/Pods/Target Support Files/Pods-In Yerevan/Pods-In Yerevan-frameworks.sh",
				"${BUILT_PRODUCTS_DIR}/Alamofire/Alamofire.framework",
				"${BUILT_PRODUCTS_DIR}/MBProgressHUD/MBProgressHUD.framework",
				"${BUILT_PRODUCTS_DIR}/SwiftyJSON/SwiftyJSON.framework",
			);
			name = "[CP] Embed Pods Frameworks";
			outputPaths = (
				"${TARGET_BUILD_DIR}/${FRAMEWORKS_FOLDER_PATH}/Alamofire.framework",
				"${TARGET_BUILD_DIR}/${FRAMEWORKS_FOLDER_PATH}/MBProgressHUD.framework",
				"${TARGET_BUILD_DIR}/${FRAMEWORKS_FOLDER_PATH}/SwiftyJSON.framework",
			);
			runOnlyForDeploymentPostprocessing = 0;
			shellPath = /bin/sh;
			shellScript = "\"${SRCROOT}/Pods/Target Support Files/Pods-In Yerevan/Pods-In Yerevan-frameworks.sh\"\n";
			showEnvVarsInLog = 0;
		};
		9FD56B9DAEBA48A21674D237 /* [CP] Check Pods Manifest.lock */ = {
			isa = PBXShellScriptBuildPhase;
			buildActionMask = 2147483647;
			files = (
			);
			inputPaths = (
				"${PODS_PODFILE_DIR_PATH}/Podfile.lock",
				"${PODS_ROOT}/Manifest.lock",
			);
			name = "[CP] Check Pods Manifest.lock";
			outputPaths = (
				"$(DERIVED_FILE_DIR)/Pods-In Yerevan-checkManifestLockResult.txt",
			);
			runOnlyForDeploymentPostprocessing = 0;
			shellPath = /bin/sh;
			shellScript = "diff \"${PODS_PODFILE_DIR_PATH}/Podfile.lock\" \"${PODS_ROOT}/Manifest.lock\" > /dev/null\nif [ $? != 0 ] ; then\n    # print error to STDERR\n    echo \"error: The sandbox is not in sync with the Podfile.lock. Run 'pod install' or update your CocoaPods installation.\" >&2\n    exit 1\nfi\n# This output is used by Xcode 'outputs' to avoid re-running this script phase.\necho \"SUCCESS\" > \"${SCRIPT_OUTPUT_FILE_0}\"\n";
			showEnvVarsInLog = 0;
		};
/* End PBXShellScriptBuildPhase section */

/* Begin PBXSourcesBuildPhase section */
		F95DC6D421BFF41B00273881 /* Sources */ = {
			isa = PBXSourcesBuildPhase;
			buildActionMask = 2147483647;
			files = (
				70EF510821C90214002E7786 /* ReserveCategoryTableViewCell.swift in Sources */,
				86FAB39921C5B6D400B2E5C8 /* UpcoingEventViewController.swift in Sources */,
				86D559F421C6F9780043EE90 /* EventTableViewCell.swift in Sources */,
				70EF50E221C806E5002E7786 /* ControllInReserveViewController.swift in Sources */,
				86D559F821C71CBD0043EE90 /* EventViewController.swift in Sources */,
				70EF510421C8CF51002E7786 /* ReserveTopHotelCollectionViewCell.swift in Sources */,
				F95DC6DC21BFF41B00273881 /* AppDelegate.swift in Sources */,
				86FAB39621C5A97D00B2E5C8 /* DataManager.swift in Sources */,
				86C198D521C69A10004A2F79 /* EventCategoryCollectionViewCell.swift in Sources */,
				70EF510D21C90932002E7786 /* TopRestourantsCollectionViewCell.swift in Sources */,
				86FAB39421C5A91C00B2E5C8 /* PersistentController.swift in Sources */,
				86FAB39F21C5BA7600B2E5C8 /* GradientView.swift in Sources */,
				70EF510B21C907CE002E7786 /* TableViewCellWithCollectionView.swift in Sources */,
				86C198D221C698AE004A2F79 /* EventCategoiresViewController.swift in Sources */,
				86D559F621C70CC90043EE90 /* Date+String.swift in Sources */,
				86D559FA21C71E1E0043EE90 /* EventPictureCollectionViewCell.swift in Sources */,
				F95DC6E421BFF41B00273881 /* In_Yerevan.xcdatamodeld in Sources */,
				86FAB39B21C5B76600B2E5C8 /* UpcomingTableViewCell.swift in Sources */,
				8614ACDF21C6C717002ACC31 /* EventsViewController.swift in Sources */,
			);
			runOnlyForDeploymentPostprocessing = 0;
		};
/* End PBXSourcesBuildPhase section */

/* Begin PBXVariantGroup section */
		F95DC6DF21BFF41B00273881 /* Main.storyboard */ = {
			isa = PBXVariantGroup;
			children = (
				F95DC6E021BFF41B00273881 /* Base */,
			);
			name = Main.storyboard;
			sourceTree = "<group>";
		};
		F95DC6E721BFF41C00273881 /* LaunchScreen.storyboard */ = {
			isa = PBXVariantGroup;
			children = (
				F95DC6E821BFF41C00273881 /* Base */,
			);
			name = LaunchScreen.storyboard;
			sourceTree = "<group>";
		};
/* End PBXVariantGroup section */

/* Begin XCBuildConfiguration section */
		F95DC6EB21BFF41C00273881 /* Debug */ = {
			isa = XCBuildConfiguration;
			buildSettings = {
				ALWAYS_SEARCH_USER_PATHS = NO;
				CLANG_ANALYZER_NONNULL = YES;
				CLANG_ANALYZER_NUMBER_OBJECT_CONVERSION = YES_AGGRESSIVE;
				CLANG_CXX_LANGUAGE_STANDARD = "gnu++14";
				CLANG_CXX_LIBRARY = "libc++";
				CLANG_ENABLE_MODULES = YES;
				CLANG_ENABLE_OBJC_ARC = YES;
				CLANG_ENABLE_OBJC_WEAK = YES;
				CLANG_WARN_BLOCK_CAPTURE_AUTORELEASING = YES;
				CLANG_WARN_BOOL_CONVERSION = YES;
				CLANG_WARN_COMMA = YES;
				CLANG_WARN_CONSTANT_CONVERSION = YES;
				CLANG_WARN_DEPRECATED_OBJC_IMPLEMENTATIONS = YES;
				CLANG_WARN_DIRECT_OBJC_ISA_USAGE = YES_ERROR;
				CLANG_WARN_DOCUMENTATION_COMMENTS = YES;
				CLANG_WARN_EMPTY_BODY = YES;
				CLANG_WARN_ENUM_CONVERSION = YES;
				CLANG_WARN_INFINITE_RECURSION = YES;
				CLANG_WARN_INT_CONVERSION = YES;
				CLANG_WARN_NON_LITERAL_NULL_CONVERSION = YES;
				CLANG_WARN_OBJC_IMPLICIT_RETAIN_SELF = YES;
				CLANG_WARN_OBJC_LITERAL_CONVERSION = YES;
				CLANG_WARN_OBJC_ROOT_CLASS = YES_ERROR;
				CLANG_WARN_RANGE_LOOP_ANALYSIS = YES;
				CLANG_WARN_STRICT_PROTOTYPES = YES;
				CLANG_WARN_SUSPICIOUS_MOVE = YES;
				CLANG_WARN_UNGUARDED_AVAILABILITY = YES_AGGRESSIVE;
				CLANG_WARN_UNREACHABLE_CODE = YES;
				CLANG_WARN__DUPLICATE_METHOD_MATCH = YES;
				CODE_SIGN_IDENTITY = "iPhone Developer";
				COPY_PHASE_STRIP = NO;
				DEBUG_INFORMATION_FORMAT = dwarf;
				ENABLE_STRICT_OBJC_MSGSEND = YES;
				ENABLE_TESTABILITY = YES;
				GCC_C_LANGUAGE_STANDARD = gnu11;
				GCC_DYNAMIC_NO_PIC = NO;
				GCC_NO_COMMON_BLOCKS = YES;
				GCC_OPTIMIZATION_LEVEL = 0;
				GCC_PREPROCESSOR_DEFINITIONS = (
					"DEBUG=1",
					"$(inherited)",
				);
				GCC_WARN_64_TO_32_BIT_CONVERSION = YES;
				GCC_WARN_ABOUT_RETURN_TYPE = YES_ERROR;
				GCC_WARN_UNDECLARED_SELECTOR = YES;
				GCC_WARN_UNINITIALIZED_AUTOS = YES_AGGRESSIVE;
				GCC_WARN_UNUSED_FUNCTION = YES;
				GCC_WARN_UNUSED_VARIABLE = YES;
				IPHONEOS_DEPLOYMENT_TARGET = 11.4;
				MTL_ENABLE_DEBUG_INFO = YES;
				ONLY_ACTIVE_ARCH = YES;
				SDKROOT = iphoneos;
				SWIFT_ACTIVE_COMPILATION_CONDITIONS = DEBUG;
				SWIFT_OPTIMIZATION_LEVEL = "-Onone";
			};
			name = Debug;
		};
		F95DC6EC21BFF41C00273881 /* Release */ = {
			isa = XCBuildConfiguration;
			buildSettings = {
				ALWAYS_SEARCH_USER_PATHS = NO;
				CLANG_ANALYZER_NONNULL = YES;
				CLANG_ANALYZER_NUMBER_OBJECT_CONVERSION = YES_AGGRESSIVE;
				CLANG_CXX_LANGUAGE_STANDARD = "gnu++14";
				CLANG_CXX_LIBRARY = "libc++";
				CLANG_ENABLE_MODULES = YES;
				CLANG_ENABLE_OBJC_ARC = YES;
				CLANG_ENABLE_OBJC_WEAK = YES;
				CLANG_WARN_BLOCK_CAPTURE_AUTORELEASING = YES;
				CLANG_WARN_BOOL_CONVERSION = YES;
				CLANG_WARN_COMMA = YES;
				CLANG_WARN_CONSTANT_CONVERSION = YES;
				CLANG_WARN_DEPRECATED_OBJC_IMPLEMENTATIONS = YES;
				CLANG_WARN_DIRECT_OBJC_ISA_USAGE = YES_ERROR;
				CLANG_WARN_DOCUMENTATION_COMMENTS = YES;
				CLANG_WARN_EMPTY_BODY = YES;
				CLANG_WARN_ENUM_CONVERSION = YES;
				CLANG_WARN_INFINITE_RECURSION = YES;
				CLANG_WARN_INT_CONVERSION = YES;
				CLANG_WARN_NON_LITERAL_NULL_CONVERSION = YES;
				CLANG_WARN_OBJC_IMPLICIT_RETAIN_SELF = YES;
				CLANG_WARN_OBJC_LITERAL_CONVERSION = YES;
				CLANG_WARN_OBJC_ROOT_CLASS = YES_ERROR;
				CLANG_WARN_RANGE_LOOP_ANALYSIS = YES;
				CLANG_WARN_STRICT_PROTOTYPES = YES;
				CLANG_WARN_SUSPICIOUS_MOVE = YES;
				CLANG_WARN_UNGUARDED_AVAILABILITY = YES_AGGRESSIVE;
				CLANG_WARN_UNREACHABLE_CODE = YES;
				CLANG_WARN__DUPLICATE_METHOD_MATCH = YES;
				CODE_SIGN_IDENTITY = "iPhone Developer";
				COPY_PHASE_STRIP = NO;
				DEBUG_INFORMATION_FORMAT = "dwarf-with-dsym";
				ENABLE_NS_ASSERTIONS = NO;
				ENABLE_STRICT_OBJC_MSGSEND = YES;
				GCC_C_LANGUAGE_STANDARD = gnu11;
				GCC_NO_COMMON_BLOCKS = YES;
				GCC_WARN_64_TO_32_BIT_CONVERSION = YES;
				GCC_WARN_ABOUT_RETURN_TYPE = YES_ERROR;
				GCC_WARN_UNDECLARED_SELECTOR = YES;
				GCC_WARN_UNINITIALIZED_AUTOS = YES_AGGRESSIVE;
				GCC_WARN_UNUSED_FUNCTION = YES;
				GCC_WARN_UNUSED_VARIABLE = YES;
				IPHONEOS_DEPLOYMENT_TARGET = 11.4;
				MTL_ENABLE_DEBUG_INFO = NO;
				SDKROOT = iphoneos;
				SWIFT_COMPILATION_MODE = wholemodule;
				SWIFT_OPTIMIZATION_LEVEL = "-O";
				VALIDATE_PRODUCT = YES;
			};
			name = Release;
		};
		F95DC6EE21BFF41C00273881 /* Debug */ = {
			isa = XCBuildConfiguration;
			baseConfigurationReference = CC1E178B6543D22AD39B52B9 /* Pods-In Yerevan.debug.xcconfig */;
			buildSettings = {
				ASSETCATALOG_COMPILER_APPICON_NAME = AppIcon;
				CODE_SIGN_IDENTITY = "iPhone Developer";
				CODE_SIGN_STYLE = Automatic;
				DEVELOPMENT_TEAM = 52H3X6C7BT;
				INFOPLIST_FILE = "$(SRCROOT)/In Yerevan/Supporting Files/Info.plist";
				IPHONEOS_DEPLOYMENT_TARGET = 11.0;
				LD_RUNPATH_SEARCH_PATHS = (
					"$(inherited)",
					"@executable_path/Frameworks",
				);
				PRODUCT_BUNDLE_IDENTIFIER = "InYerevan.In-Yerevan";
				PRODUCT_NAME = "$(TARGET_NAME)";
				PROVISIONING_PROFILE_SPECIFIER = "";
				SWIFT_VERSION = 4.2;
				TARGETED_DEVICE_FAMILY = "1,2";
			};
			name = Debug;
		};
		F95DC6EF21BFF41C00273881 /* Release */ = {
			isa = XCBuildConfiguration;
			baseConfigurationReference = 1C224E1BCBDF5BDC718E8C40 /* Pods-In Yerevan.release.xcconfig */;
			buildSettings = {
				ASSETCATALOG_COMPILER_APPICON_NAME = AppIcon;
				CODE_SIGN_IDENTITY = "iPhone Developer";
				CODE_SIGN_STYLE = Automatic;
				DEVELOPMENT_TEAM = 52H3X6C7BT;
				INFOPLIST_FILE = "$(SRCROOT)/In Yerevan/Supporting Files/Info.plist";
				IPHONEOS_DEPLOYMENT_TARGET = 11.0;
				LD_RUNPATH_SEARCH_PATHS = (
					"$(inherited)",
					"@executable_path/Frameworks",
				);
				PRODUCT_BUNDLE_IDENTIFIER = "InYerevan.In-Yerevan";
				PRODUCT_NAME = "$(TARGET_NAME)";
				PROVISIONING_PROFILE_SPECIFIER = "";
				SWIFT_VERSION = 4.2;
				TARGETED_DEVICE_FAMILY = "1,2";
			};
			name = Release;
		};
/* End XCBuildConfiguration section */

/* Begin XCConfigurationList section */
		F95DC6D321BFF41B00273881 /* Build configuration list for PBXProject "In Yerevan" */ = {
			isa = XCConfigurationList;
			buildConfigurations = (
				F95DC6EB21BFF41C00273881 /* Debug */,
				F95DC6EC21BFF41C00273881 /* Release */,
			);
			defaultConfigurationIsVisible = 0;
			defaultConfigurationName = Release;
		};
		F95DC6ED21BFF41C00273881 /* Build configuration list for PBXNativeTarget "In Yerevan" */ = {
			isa = XCConfigurationList;
			buildConfigurations = (
				F95DC6EE21BFF41C00273881 /* Debug */,
				F95DC6EF21BFF41C00273881 /* Release */,
			);
			defaultConfigurationIsVisible = 0;
			defaultConfigurationName = Release;
		};
/* End XCConfigurationList section */

/* Begin XCVersionGroup section */
		F95DC6E221BFF41B00273881 /* In_Yerevan.xcdatamodeld */ = {
			isa = XCVersionGroup;
			children = (
				F95DC6E321BFF41B00273881 /* In_Yerevan.xcdatamodel */,
			);
			currentVersion = F95DC6E321BFF41B00273881 /* In_Yerevan.xcdatamodel */;
			path = In_Yerevan.xcdatamodeld;
			sourceTree = "<group>";
			versionGroupType = wrapper.xcdatamodel;
		};
/* End XCVersionGroup section */
	};
	rootObject = F95DC6D021BFF41B00273881 /* Project object */;
}
